// !$*UTF8*$!
{
	archiveVersion = 1;
	classes = {
	};
	objectVersion = 46;
	objects = {

/* Begin PBXBuildFile section */
		C225A42F1846EBC90027F561 /* Foundation.framework in Frameworks */ = {isa = PBXBuildFile; fileRef = C225A42E1846EBC90027F561 /* Foundation.framework */; };
		C225A4311846EBC90027F561 /* CoreGraphics.framework in Frameworks */ = {isa = PBXBuildFile; fileRef = C225A4301846EBC90027F561 /* CoreGraphics.framework */; };
		C225A4331846EBC90027F561 /* UIKit.framework in Frameworks */ = {isa = PBXBuildFile; fileRef = C225A4321846EBC90027F561 /* UIKit.framework */; };
		C225A4391846EBC90027F561 /* InfoPlist.strings in Resources */ = {isa = PBXBuildFile; fileRef = C225A4371846EBC90027F561 /* InfoPlist.strings */; };
		C225A43B1846EBC90027F561 /* main.m in Sources */ = {isa = PBXBuildFile; fileRef = C225A43A1846EBC90027F561 /* main.m */; };
		C225A43F1846EBC90027F561 /* CCAppDelegate.m in Sources */ = {isa = PBXBuildFile; fileRef = C225A43E1846EBC90027F561 /* CCAppDelegate.m */; };
		C225A4421846EBC90027F561 /* Main.storyboard in Resources */ = {isa = PBXBuildFile; fileRef = C225A4401846EBC90027F561 /* Main.storyboard */; };
		C225A4451846EBC90027F561 /* CCRecordViewController.m in Sources */ = {isa = PBXBuildFile; fileRef = C225A4441846EBC90027F561 /* CCRecordViewController.m */; };
		C225A4471846EBC90027F561 /* Images.xcassets in Resources */ = {isa = PBXBuildFile; fileRef = C225A4461846EBC90027F561 /* Images.xcassets */; };
		C225A44E1846EBC90027F561 /* XCTest.framework in Frameworks */ = {isa = PBXBuildFile; fileRef = C225A44D1846EBC90027F561 /* XCTest.framework */; };
		C225A44F1846EBC90027F561 /* Foundation.framework in Frameworks */ = {isa = PBXBuildFile; fileRef = C225A42E1846EBC90027F561 /* Foundation.framework */; };
		C225A4501846EBC90027F561 /* UIKit.framework in Frameworks */ = {isa = PBXBuildFile; fileRef = C225A4321846EBC90027F561 /* UIKit.framework */; };
		C225A4581846EBC90027F561 /* InfoPlist.strings in Resources */ = {isa = PBXBuildFile; fileRef = C225A4561846EBC90027F561 /* InfoPlist.strings */; };
		C225A45A1846EBC90027F561 /* ciciciTests.m in Sources */ = {isa = PBXBuildFile; fileRef = C225A4591846EBC90027F561 /* ciciciTests.m */; };
		C225A46518471A3E0027F561 /* CCSelector.m in Sources */ = {isa = PBXBuildFile; fileRef = C225A46418471A3E0027F561 /* CCSelector.m */; };
		C225A46818472D810027F561 /* CCListenViewController.m in Sources */ = {isa = PBXBuildFile; fileRef = C225A46718472D810027F561 /* CCListenViewController.m */; };
/* End PBXBuildFile section */

/* Begin PBXContainerItemProxy section */
		C225A4511846EBC90027F561 /* PBXContainerItemProxy */ = {
			isa = PBXContainerItemProxy;
			containerPortal = C225A4231846EBC90027F561 /* Project object */;
			proxyType = 1;
			remoteGlobalIDString = C225A42A1846EBC90027F561;
			remoteInfo = cicici;
		};
/* End PBXContainerItemProxy section */

/* Begin PBXFileReference section */
		C225A42B1846EBC90027F561 /* cicici.app */ = {isa = PBXFileReference; explicitFileType = wrapper.application; includeInIndex = 0; path = cicici.app; sourceTree = BUILT_PRODUCTS_DIR; };
		C225A42E1846EBC90027F561 /* Foundation.framework */ = {isa = PBXFileReference; lastKnownFileType = wrapper.framework; name = Foundation.framework; path = System/Library/Frameworks/Foundation.framework; sourceTree = SDKROOT; };
		C225A4301846EBC90027F561 /* CoreGraphics.framework */ = {isa = PBXFileReference; lastKnownFileType = wrapper.framework; name = CoreGraphics.framework; path = System/Library/Frameworks/CoreGraphics.framework; sourceTree = SDKROOT; };
		C225A4321846EBC90027F561 /* UIKit.framework */ = {isa = PBXFileReference; lastKnownFileType = wrapper.framework; name = UIKit.framework; path = System/Library/Frameworks/UIKit.framework; sourceTree = SDKROOT; };
		C225A4361846EBC90027F561 /* cicici-Info.plist */ = {isa = PBXFileReference; lastKnownFileType = text.plist.xml; path = "cicici-Info.plist"; sourceTree = "<group>"; };
		C225A4381846EBC90027F561 /* en */ = {isa = PBXFileReference; lastKnownFileType = text.plist.strings; name = en; path = en.lproj/InfoPlist.strings; sourceTree = "<group>"; };
		C225A43A1846EBC90027F561 /* main.m */ = {isa = PBXFileReference; lastKnownFileType = sourcecode.c.objc; path = main.m; sourceTree = "<group>"; };
		C225A43C1846EBC90027F561 /* cicici-Prefix.pch */ = {isa = PBXFileReference; lastKnownFileType = sourcecode.c.h; path = "cicici-Prefix.pch"; sourceTree = "<group>"; };
		C225A43D1846EBC90027F561 /* CCAppDelegate.h */ = {isa = PBXFileReference; lastKnownFileType = sourcecode.c.h; path = CCAppDelegate.h; sourceTree = "<group>"; };
		C225A43E1846EBC90027F561 /* CCAppDelegate.m */ = {isa = PBXFileReference; lastKnownFileType = sourcecode.c.objc; path = CCAppDelegate.m; sourceTree = "<group>"; };
		C225A4411846EBC90027F561 /* Base */ = {isa = PBXFileReference; lastKnownFileType = file.storyboard; name = Base; path = Base.lproj/Main.storyboard; sourceTree = "<group>"; };
		C225A4431846EBC90027F561 /* CCRecordViewController.h */ = {isa = PBXFileReference; lastKnownFileType = sourcecode.c.h; path = CCRecordViewController.h; sourceTree = "<group>"; };
		C225A4441846EBC90027F561 /* CCRecordViewController.m */ = {isa = PBXFileReference; lastKnownFileType = sourcecode.c.objc; path = CCRecordViewController.m; sourceTree = "<group>"; };
		C225A4461846EBC90027F561 /* Images.xcassets */ = {isa = PBXFileReference; lastKnownFileType = folder.assetcatalog; path = Images.xcassets; sourceTree = "<group>"; };
		C225A44C1846EBC90027F561 /* ciciciTests.xctest */ = {isa = PBXFileReference; explicitFileType = wrapper.cfbundle; includeInIndex = 0; path = ciciciTests.xctest; sourceTree = BUILT_PRODUCTS_DIR; };
		C225A44D1846EBC90027F561 /* XCTest.framework */ = {isa = PBXFileReference; lastKnownFileType = wrapper.framework; name = XCTest.framework; path = Library/Frameworks/XCTest.framework; sourceTree = DEVELOPER_DIR; };
		C225A4551846EBC90027F561 /* ciciciTests-Info.plist */ = {isa = PBXFileReference; lastKnownFileType = text.plist.xml; path = "ciciciTests-Info.plist"; sourceTree = "<group>"; };
		C225A4571846EBC90027F561 /* en */ = {isa = PBXFileReference; lastKnownFileType = text.plist.strings; name = en; path = en.lproj/InfoPlist.strings; sourceTree = "<group>"; };
		C225A4591846EBC90027F561 /* ciciciTests.m */ = {isa = PBXFileReference; lastKnownFileType = sourcecode.c.objc; path = ciciciTests.m; sourceTree = "<group>"; };
		C225A46318471A3E0027F561 /* CCSelector.h */ = {isa = PBXFileReference; fileEncoding = 4; lastKnownFileType = sourcecode.c.h; path = CCSelector.h; sourceTree = "<group>"; };
		C225A46418471A3E0027F561 /* CCSelector.m */ = {isa = PBXFileReference; fileEncoding = 4; lastKnownFileType = sourcecode.c.objc; path = CCSelector.m; sourceTree = "<group>"; };
		C225A46618472D810027F561 /* CCListenViewController.h */ = {isa = PBXFileReference; fileEncoding = 4; lastKnownFileType = sourcecode.c.h; path = CCListenViewController.h; sourceTree = "<group>"; };
		C225A46718472D810027F561 /* CCListenViewController.m */ = {isa = PBXFileReference; fileEncoding = 4; lastKnownFileType = sourcecode.c.objc; path = CCListenViewController.m; sourceTree = "<group>"; };
/* End PBXFileReference section */

/* Begin PBXFrameworksBuildPhase section */
		C225A4281846EBC90027F561 /* Frameworks */ = {
			isa = PBXFrameworksBuildPhase;
			buildActionMask = 2147483647;
			files = (
				C225A4311846EBC90027F561 /* CoreGraphics.framework in Frameworks */,
				C225A4331846EBC90027F561 /* UIKit.framework in Frameworks */,
				C225A42F1846EBC90027F561 /* Foundation.framework in Frameworks */,
			);
			runOnlyForDeploymentPostprocessing = 0;
		};
		C225A4491846EBC90027F561 /* Frameworks */ = {
			isa = PBXFrameworksBuildPhase;
			buildActionMask = 2147483647;
			files = (
				C225A44E1846EBC90027F561 /* XCTest.framework in Frameworks */,
				C225A4501846EBC90027F561 /* UIKit.framework in Frameworks */,
				C225A44F1846EBC90027F561 /* Foundation.framework in Frameworks */,
			);
			runOnlyForDeploymentPostprocessing = 0;
		};
/* End PBXFrameworksBuildPhase section */

/* Begin PBXGroup section */
		C225A4221846EBC90027F561 = {
			isa = PBXGroup;
			children = (
				C225A4341846EBC90027F561 /* cicici */,
				C225A4351846EBC90027F561 /* Supporting Files */,
				C225A4531846EBC90027F561 /* ciciciTests */,
				C225A42D1846EBC90027F561 /* Frameworks */,
				C225A42C1846EBC90027F561 /* Products */,
			);
			sourceTree = "<group>";
		};
		C225A42C1846EBC90027F561 /* Products */ = {
			isa = PBXGroup;
			children = (
				C225A42B1846EBC90027F561 /* cicici.app */,
				C225A44C1846EBC90027F561 /* ciciciTests.xctest */,
			);
			name = Products;
			sourceTree = "<group>";
		};
		C225A42D1846EBC90027F561 /* Frameworks */ = {
			isa = PBXGroup;
			children = (
				C225A42E1846EBC90027F561 /* Foundation.framework */,
				C225A4301846EBC90027F561 /* CoreGraphics.framework */,
				C225A4321846EBC90027F561 /* UIKit.framework */,
				C225A44D1846EBC90027F561 /* XCTest.framework */,
			);
			name = Frameworks;
			sourceTree = "<group>";
		};
		C225A4341846EBC90027F561 /* cicici */ = {
			isa = PBXGroup;
			children = (
				C225A43D1846EBC90027F561 /* CCAppDelegate.h */,
				C225A43E1846EBC90027F561 /* CCAppDelegate.m */,
				C225A4401846EBC90027F561 /* Main.storyboard */,
				C225A4431846EBC90027F561 /* CCRecordViewController.h */,
				C225A4441846EBC90027F561 /* CCRecordViewController.m */,
				C225A46618472D810027F561 /* CCListenViewController.h */,
				C225A46718472D810027F561 /* CCListenViewController.m */,
				C225A46318471A3E0027F561 /* CCSelector.h */,
				C225A46418471A3E0027F561 /* CCSelector.m */,
				C225A4461846EBC90027F561 /* Images.xcassets */,
			);
			path = cicici;
			sourceTree = "<group>";
		};
		C225A4351846EBC90027F561 /* Supporting Files */ = {
			isa = PBXGroup;
			children = (
				C225A4361846EBC90027F561 /* cicici-Info.plist */,
				C225A4371846EBC90027F561 /* InfoPlist.strings */,
				C225A43A1846EBC90027F561 /* main.m */,
				C225A43C1846EBC90027F561 /* cicici-Prefix.pch */,
			);
			name = "Supporting Files";
			path = cicici;
			sourceTree = "<group>";
		};
		C225A4531846EBC90027F561 /* ciciciTests */ = {
			isa = PBXGroup;
			children = (
				C225A4591846EBC90027F561 /* ciciciTests.m */,
				C225A4541846EBC90027F561 /* Supporting Files */,
			);
			path = ciciciTests;
			sourceTree = "<group>";
		};
		C225A4541846EBC90027F561 /* Supporting Files */ = {
			isa = PBXGroup;
			children = (
				C225A4551846EBC90027F561 /* ciciciTests-Info.plist */,
				C225A4561846EBC90027F561 /* InfoPlist.strings */,
			);
			name = "Supporting Files";
			sourceTree = "<group>";
		};
/* End PBXGroup section */

/* Begin PBXNativeTarget section */
		C225A42A1846EBC90027F561 /* cicici */ = {
			isa = PBXNativeTarget;
			buildConfigurationList = C225A45D1846EBC90027F561 /* Build configuration list for PBXNativeTarget "cicici" */;
			buildPhases = (
				C225A4271846EBC90027F561 /* Sources */,
				C225A4281846EBC90027F561 /* Frameworks */,
				C225A4291846EBC90027F561 /* Resources */,
			);
			buildRules = (
			);
			dependencies = (
			);
			name = cicici;
			productName = cicici;
			productReference = C225A42B1846EBC90027F561 /* cicici.app */;
			productType = "com.apple.product-type.application";
		};
		C225A44B1846EBC90027F561 /* ciciciTests */ = {
			isa = PBXNativeTarget;
			buildConfigurationList = C225A4601846EBC90027F561 /* Build configuration list for PBXNativeTarget "ciciciTests" */;
			buildPhases = (
				C225A4481846EBC90027F561 /* Sources */,
				C225A4491846EBC90027F561 /* Frameworks */,
				C225A44A1846EBC90027F561 /* Resources */,
			);
			buildRules = (
			);
			dependencies = (
				C225A4521846EBC90027F561 /* PBXTargetDependency */,
			);
			name = ciciciTests;
			productName = ciciciTests;
			productReference = C225A44C1846EBC90027F561 /* ciciciTests.xctest */;
			productType = "com.apple.product-type.bundle.unit-test";
		};
/* End PBXNativeTarget section */

/* Begin PBXProject section */
		C225A4231846EBC90027F561 /* Project object */ = {
			isa = PBXProject;
			attributes = {
				CLASSPREFIX = CC;
				LastUpgradeCheck = 0500;
				ORGANIZATIONNAME = tonic;
				TargetAttributes = {
					C225A44B1846EBC90027F561 = {
						TestTargetID = C225A42A1846EBC90027F561;
					};
				};
			};
			buildConfigurationList = C225A4261846EBC90027F561 /* Build configuration list for PBXProject "cicici" */;
			compatibilityVersion = "Xcode 3.2";
			developmentRegion = English;
			hasScannedForEncodings = 0;
			knownRegions = (
				en,
				Base,
			);
			mainGroup = C225A4221846EBC90027F561;
			productRefGroup = C225A42C1846EBC90027F561 /* Products */;
			projectDirPath = "";
			projectRoot = "";
			targets = (
				C225A42A1846EBC90027F561 /* cicici */,
				C225A44B1846EBC90027F561 /* ciciciTests */,
			);
		};
/* End PBXProject section */

/* Begin PBXResourcesBuildPhase section */
		C225A4291846EBC90027F561 /* Resources */ = {
			isa = PBXResourcesBuildPhase;
			buildActionMask = 2147483647;
			files = (
				C225A4471846EBC90027F561 /* Images.xcassets in Resources */,
				C225A4391846EBC90027F561 /* InfoPlist.strings in Resources */,
				C225A4421846EBC90027F561 /* Main.storyboard in Resources */,
			);
			runOnlyForDeploymentPostprocessing = 0;
		};
		C225A44A1846EBC90027F561 /* Resources */ = {
			isa = PBXResourcesBuildPhase;
			buildActionMask = 2147483647;
			files = (
				C225A4581846EBC90027F561 /* InfoPlist.strings in Resources */,
			);
			runOnlyForDeploymentPostprocessing = 0;
		};
/* End PBXResourcesBuildPhase section */

/* Begin PBXSourcesBuildPhase section */
		C225A4271846EBC90027F561 /* Sources */ = {
			isa = PBXSourcesBuildPhase;
			buildActionMask = 2147483647;
			files = (
				C225A43F1846EBC90027F561 /* CCAppDelegate.m in Sources */,
				C225A43B1846EBC90027F561 /* main.m in Sources */,
				C225A46518471A3E0027F561 /* CCSelector.m in Sources */,
				C225A4451846EBC90027F561 /* CCRecordViewController.m in Sources */,
				C225A46818472D810027F561 /* CCListenViewController.m in Sources */,
			);
			runOnlyForDeploymentPostprocessing = 0;
		};
		C225A4481846EBC90027F561 /* Sources */ = {
			isa = PBXSourcesBuildPhase;
			buildActionMask = 2147483647;
			files = (
				C225A45A1846EBC90027F561 /* ciciciTests.m in Sources */,
			);
			runOnlyForDeploymentPostprocessing = 0;
		};
/* End PBXSourcesBuildPhase section */

/* Begin PBXTargetDependency section */
		C225A4521846EBC90027F561 /* PBXTargetDependency */ = {
			isa = PBXTargetDependency;
			target = C225A42A1846EBC90027F561 /* cicici */;
			targetProxy = C225A4511846EBC90027F561 /* PBXContainerItemProxy */;
		};
/* End PBXTargetDependency section */

/* Begin PBXVariantGroup section */
		C225A4371846EBC90027F561 /* InfoPlist.strings */ = {
			isa = PBXVariantGroup;
			children = (
				C225A4381846EBC90027F561 /* en */,
			);
			name = InfoPlist.strings;
			sourceTree = "<group>";
		};
		C225A4401846EBC90027F561 /* Main.storyboard */ = {
			isa = PBXVariantGroup;
			children = (
				C225A4411846EBC90027F561 /* Base */,
			);
			name = Main.storyboard;
			sourceTree = "<group>";
		};
		C225A4561846EBC90027F561 /* InfoPlist.strings */ = {
			isa = PBXVariantGroup;
			children = (
				C225A4571846EBC90027F561 /* en */,
			);
			name = InfoPlist.strings;
			sourceTree = "<group>";
		};
/* End PBXVariantGroup section */

/* Begin XCBuildConfiguration section */
		C225A45B1846EBC90027F561 /* Debug */ = {
			isa = XCBuildConfiguration;
			buildSettings = {
				ALWAYS_SEARCH_USER_PATHS = NO;
				ARCHS = "$(ARCHS_STANDARD_INCLUDING_64_BIT)";
				CLANG_CXX_LANGUAGE_STANDARD = "gnu++0x";
				CLANG_CXX_LIBRARY = "libc++";
				CLANG_ENABLE_MODULES = YES;
				CLANG_ENABLE_OBJC_ARC = YES;
				CLANG_WARN_BOOL_CONVERSION = YES;
				CLANG_WARN_CONSTANT_CONVERSION = YES;
				CLANG_WARN_DIRECT_OBJC_ISA_USAGE = YES_ERROR;
				CLANG_WARN_EMPTY_BODY = YES;
				CLANG_WARN_ENUM_CONVERSION = YES;
				CLANG_WARN_INT_CONVERSION = YES;
				CLANG_WARN_OBJC_ROOT_CLASS = YES_ERROR;
				CLANG_WARN__DUPLICATE_METHOD_MATCH = YES;
				"CODE_SIGN_IDENTITY[sdk=iphoneos*]" = "iPhone Developer";
				COPY_PHASE_STRIP = NO;
				GCC_C_LANGUAGE_STANDARD = gnu99;
				GCC_DYNAMIC_NO_PIC = NO;
				GCC_OPTIMIZATION_LEVEL = 0;
				GCC_PREPROCESSOR_DEFINITIONS = (
					"DEBUG=1",
					"$(inherited)",
				);
				GCC_SYMBOLS_PRIVATE_EXTERN = NO;
				GCC_WARN_64_TO_32_BIT_CONVERSION = YES;
				GCC_WARN_ABOUT_RETURN_TYPE = YES_ERROR;
				GCC_WARN_UNDECLARED_SELECTOR = YES;
				GCC_WARN_UNINITIALIZED_AUTOS = YES;
				GCC_WARN_UNUSED_FUNCTION = YES;
				GCC_WARN_UNUSED_VARIABLE = YES;
				IPHONEOS_DEPLOYMENT_TARGET = 7.0;
				ONLY_ACTIVE_ARCH = YES;
				SDKROOT = iphoneos;
			};
			name = Debug;
		};
		C225A45C1846EBC90027F561 /* Release */ = {
			isa = XCBuildConfiguration;
			buildSettings = {
				ALWAYS_SEARCH_USER_PATHS = NO;
				ARCHS = "$(ARCHS_STANDARD_INCLUDING_64_BIT)";
				CLANG_CXX_LANGUAGE_STANDARD = "gnu++0x";
				CLANG_CXX_LIBRARY = "libc++";
				CLANG_ENABLE_MODULES = YES;
				CLANG_ENABLE_OBJC_ARC = YES;
				CLANG_WARN_BOOL_CONVERSION = YES;
				CLANG_WARN_CONSTANT_CONVERSION = YES;
				CLANG_WARN_DIRECT_OBJC_ISA_USAGE = YES_ERROR;
				CLANG_WARN_EMPTY_BODY = YES;
				CLANG_WARN_ENUM_CONVERSION = YES;
				CLANG_WARN_INT_CONVERSION = YES;
				CLANG_WARN_OBJC_ROOT_CLASS = YES_ERROR;
				CLANG_WARN__DUPLICATE_METHOD_MATCH = YES;
				"CODE_SIGN_IDENTITY[sdk=iphoneos*]" = "iPhone Developer";
				COPY_PHASE_STRIP = YES;
				ENABLE_NS_ASSERTIONS = NO;
				GCC_C_LANGUAGE_STANDARD = gnu99;
				GCC_WARN_64_TO_32_BIT_CONVERSION = YES;
				GCC_WARN_ABOUT_RETURN_TYPE = YES_ERROR;
				GCC_WARN_UNDECLARED_SELECTOR = YES;
				GCC_WARN_UNINITIALIZED_AUTOS = YES;
				GCC_WARN_UNUSED_FUNCTION = YES;
				GCC_WARN_UNUSED_VARIABLE = YES;
				IPHONEOS_DEPLOYMENT_TARGET = 7.0;
				SDKROOT = iphoneos;
				VALIDATE_PRODUCT = YES;
			};
			name = Release;
		};
		C225A45E1846EBC90027F561 /* Debug */ = {
			isa = XCBuildConfiguration;
			buildSettings = {
				ASSETCATALOG_COMPILER_APPICON_NAME = AppIcon;
				ASSETCATALOG_COMPILER_LAUNCHIMAGE_NAME = LaunchImage;
				GCC_PRECOMPILE_PREFIX_HEADER = YES;
				GCC_PREFIX_HEADER = "cicici/cicici-Prefix.pch";
				INFOPLIST_FILE = "cicici/cicici-Info.plist";
				PRODUCT_NAME = "$(TARGET_NAME)";
				WRAPPER_EXTENSION = app;
			};
			name = Debug;
		};
		C225A45F1846EBC90027F561 /* Release */ = {
			isa = XCBuildConfiguration;
			buildSettings = {
				ASSETCATALOG_COMPILER_APPICON_NAME = AppIcon;
				ASSETCATALOG_COMPILER_LAUNCHIMAGE_NAME = LaunchImage;
				GCC_PRECOMPILE_PREFIX_HEADER = YES;
				GCC_PREFIX_HEADER = "cicici/cicici-Prefix.pch";
				INFOPLIST_FILE = "cicici/cicici-Info.plist";
				PRODUCT_NAME = "$(TARGET_NAME)";
				WRAPPER_EXTENSION = app;
			};
			name = Release;
		};
		C225A4611846EBC90027F561 /* Debug */ = {
			isa = XCBuildConfiguration;
			buildSettings = {
				ARCHS = "$(ARCHS_STANDARD_INCLUDING_64_BIT)";
				BUNDLE_LOADER = "$(BUILT_PRODUCTS_DIR)/cicici.app/cicici";
				FRAMEWORK_SEARCH_PATHS = (
					"$(SDKROOT)/Developer/Library/Frameworks",
					"$(inherited)",
					"$(DEVELOPER_FRAMEWORKS_DIR)",
				);
				GCC_PRECOMPILE_PREFIX_HEADER = YES;
				GCC_PREFIX_HEADER = "cicici/cicici-Prefix.pch";
				GCC_PREPROCESSOR_DEFINITIONS = (
					"DEBUG=1",
					"$(inherited)",
				);
				INFOPLIST_FILE = "ciciciTests/ciciciTests-Info.plist";
				PRODUCT_NAME = "$(TARGET_NAME)";
				TEST_HOST = "$(BUNDLE_LOADER)";
				WRAPPER_EXTENSION = xctest;
			};
			name = Debug;
		};
		C225A4621846EBC90027F561 /* Release */ = {
			isa = XCBuildConfiguration;
			buildSettings = {
				ARCHS = "$(ARCHS_STANDARD_INCLUDING_64_BIT)";
				BUNDLE_LOADER = "$(BUILT_PRODUCTS_DIR)/cicici.app/cicici";
				FRAMEWORK_SEARCH_PATHS = (
					"$(SDKROOT)/Developer/Library/Frameworks",
					"$(inherited)",
					"$(DEVELOPER_FRAMEWORKS_DIR)",
				);
				GCC_PRECOMPILE_PREFIX_HEADER = YES;
				GCC_PREFIX_HEADER = "cicici/cicici-Prefix.pch";
				INFOPLIST_FILE = "ciciciTests/ciciciTests-Info.plist";
				PRODUCT_NAME = "$(TARGET_NAME)";
				TEST_HOST = "$(BUNDLE_LOADER)";
				WRAPPER_EXTENSION = xctest;
			};
			name = Release;
		};
/* End XCBuildConfiguration section */

/* Begin XCConfigurationList section */
		C225A4261846EBC90027F561 /* Build configuration list for PBXProject "cicici" */ = {
			isa = XCConfigurationList;
			buildConfigurations = (
				C225A45B1846EBC90027F561 /* Debug */,
				C225A45C1846EBC90027F561 /* Release */,
			);
			defaultConfigurationIsVisible = 0;
			defaultConfigurationName = Release;
		};
		C225A45D1846EBC90027F561 /* Build configuration list for PBXNativeTarget "cicici" */ = {
			isa = XCConfigurationList;
			buildConfigurations = (
				C225A45E1846EBC90027F561 /* Debug */,
				C225A45F1846EBC90027F561 /* Release */,
			);
			defaultConfigurationIsVisible = 0;
			defaultConfigurationName = Release;
		};
		C225A4601846EBC90027F561 /* Build configuration list for PBXNativeTarget "ciciciTests" */ = {
			isa = XCConfigurationList;
			buildConfigurations = (
				C225A4611846EBC90027F561 /* Debug */,
				C225A4621846EBC90027F561 /* Release */,
			);
			defaultConfigurationIsVisible = 0;
			defaultConfigurationName = Release;
		};
/* End XCConfigurationList section */
	};
	rootObject = C225A4231846EBC90027F561 /* Project object */;
}
